{
  "name": "task",
  "version": "1.0.0",
  "lockfileVersion": 1,
  "requires": true,
  "dependencies": {
    "@babel/parser": {
      "version": "7.16.3",
      "resolved": "https://registry.npmjs.org/@babel/parser/-/parser-7.16.3.tgz",
      "integrity": "sha512-dcNwU1O4sx57ClvLBVFbEgx0UZWfd0JQX5X6fxFRCLHelFBGXFfSz6Y0FAq2PEwUqlqLkdVjVr4VASEOuUnLJw==",
      "dev": true
    },
    "@babel/runtime": {
      "version": "7.16.3",
      "resolved": "https://registry.npmjs.org/@babel/runtime/-/runtime-7.16.3.tgz",
      "integrity": "sha512-WBwekcqacdY2e9AF/Q7WLFUWmdJGJTkbjqTjoMDgXkVZ3ZRUvOPsLb5KdwISoQVsbP+DQzVZW4Zhci0DvpbNTQ==",
      "requires": {
        "regenerator-runtime": "^0.13.4"
      }
    },
    "argparse": {
      "version": "1.0.10",
      "resolved": "https://registry.npmjs.org/argparse/-/argparse-1.0.10.tgz",
      "integrity": "sha512-o5Roy6tNG4SL/FOkCAN6RzjiakZS25RLYFrcMttJqbdd8BWrnA+fGz57iN5Pb06pvBGvl5gQ0B48dJlslXvoTg==",
      "dev": true,
      "requires": {
        "sprintf-js": "~1.0.2"
      }
    },
    "bluebird": {
      "version": "3.7.2",
      "resolved": "https://registry.npmjs.org/bluebird/-/bluebird-3.7.2.tgz",
      "integrity": "sha512-XpNj6GDQzdfW+r2Wnn7xiSAd7TM3jzkxGXBGTtWKuSXv1xUV+azxAm8jdWZN06QTQk+2N2XB9jRDkvbmQmcRtg==",
      "dev": true
    },
    "catharsis": {
      "version": "0.9.0",
      "resolved": "https://registry.npmjs.org/catharsis/-/catharsis-0.9.0.tgz",
      "integrity": "sha512-prMTQVpcns/tzFgFVkVp6ak6RykZyWb3gu8ckUpd6YkTlacOd3DXGJjIpD4Q6zJirizvaiAjSSHlOsA+6sNh2A==",
      "dev": true,
      "requires": {
        "lodash": "^4.17.15"
      }
    },
    "colorx": {
      "version": "0.0.7",
      "resolved": "https://registry.npmjs.org/colorx/-/colorx-0.0.7.tgz",
      "integrity": "sha1-JJf+AOJHu4BVm4uAQzrmzSgNtnI="
    },
    "commander": {
      "version": "8.3.0",
      "resolved": "https://registry.npmjs.org/commander/-/commander-8.3.0.tgz",
      "integrity": "sha512-OkTL9umf+He2DZkUq8f8J9of7yL6RJKI24dVITBmNfZBmri9zYZQrKkuXiKhyfPSu8tUhnVBB1iKXevvnlR4Ww=="
    },
    "complex.js": {
      "version": "2.0.15",
      "resolved": "https://registry.npmjs.org/complex.js/-/complex.js-2.0.15.tgz",
      "integrity": "sha512-gDBvQU8IG139ZBQTSo2qvDFP+lANMGluM779csXOr6ny1NUtA3wkUnCFjlDNH/moAVfXtvClYt6G0zarFbtz5w=="
    },
    "decimal.js": {
      "version": "10.3.1",
      "resolved": "https://registry.npmjs.org/decimal.js/-/decimal.js-10.3.1.tgz",
      "integrity": "sha512-V0pfhfr8suzyPGOx3nmq4aHqabehUZn6Ch9kyFpV79TGDTWFmHqUqXdabR7QHqxzrYolF4+tVmJhUG4OURg5dQ=="
    },
    "entities": {
      "version": "2.0.3",
      "resolved": "https://registry.npmjs.org/entities/-/entities-2.0.3.tgz",
      "integrity": "sha512-MyoZ0jgnLvB2X3Lg5HqpFmn1kybDiIfEQmKzTb5apr51Rb+T3KdmMiqa70T+bhGnyv7bQ6WMj2QMHpGMmlrUYQ==",
      "dev": true
    },
    "escape-latex": {
      "version": "1.2.0",
      "resolved": "https://registry.npmjs.org/escape-latex/-/escape-latex-1.2.0.tgz",
      "integrity": "sha512-nV5aVWW1K0wEiUIEdZ4erkGGH8mDxGyxSeqPzRNtWP7ataw+/olFObw7hujFWlVjNsaDFw5VZ5NzVSIqRgfTiw=="
    },
    "escape-string-regexp": {
      "version": "2.0.0",
      "resolved": "https://registry.npmjs.org/escape-string-regexp/-/escape-string-regexp-2.0.0.tgz",
      "integrity": "sha512-UpzcLCXolUWcNu5HtVMHYdXJjArjsF9C0aNnquZYY4uW/Vu0miy5YoWvbV345HauVvcAUnpRuhMMcqTcGOY2+w==",
      "dev": true
    },
    "fraction.js": {
      "version": "4.1.1",
      "resolved": "https://registry.npmjs.org/fraction.js/-/fraction.js-4.1.1.tgz",
      "integrity": "sha512-MHOhvvxHTfRFpF1geTK9czMIZ6xclsEor2wkIGYYq+PxcQqT7vStJqjhe6S1TenZrMZzo+wlqOufBDVepUEgPg=="
    },
    "graceful-fs": {
      "version": "4.2.8",
      "resolved": "https://registry.npmjs.org/graceful-fs/-/graceful-fs-4.2.8.tgz",
      "integrity": "sha512-qkIilPUYcNhJpd33n0GBXTB1MMPp14TxEsEs0pTrsSVucApsYzW5V+Q8Qxhik6KU3evy+qkAAowTByymK0avdg==",
      "dev": true
    },
    "javascript-natural-sort": {
      "version": "0.7.1",
      "resolved": "https://registry.npmjs.org/javascript-natural-sort/-/javascript-natural-sort-0.7.1.tgz",
      "integrity": "sha1-+eIwPUUH9tdDVac2ZNFED7Wg71k="
    },
    "js2xmlparser": {
      "version": "4.0.2",
      "resolved": "https://registry.npmjs.org/js2xmlparser/-/js2xmlparser-4.0.2.tgz",
      "integrity": "sha512-6n4D8gLlLf1n5mNLQPRfViYzu9RATblzPEtm1SthMX1Pjao0r9YI9nw7ZIfRxQMERS87mcswrg+r/OYrPRX6jA==",
      "dev": true,
      "requires": {
        "xmlcreate": "^2.0.4"
      }
    },
    "jsdoc": {
      "version": "3.6.7",
      "resolved": "https://registry.npmjs.org/jsdoc/-/jsdoc-3.6.7.tgz",
      "integrity": "sha512-sxKt7h0vzCd+3Y81Ey2qinupL6DpRSZJclS04ugHDNmRUXGzqicMJ6iwayhSA0S0DwwX30c5ozyUthr1QKF6uw==",
      "dev": true,
      "requires": {
        "@babel/parser": "^7.9.4",
        "bluebird": "^3.7.2",
        "catharsis": "^0.9.0",
        "escape-string-regexp": "^2.0.0",
        "js2xmlparser": "^4.0.1",
        "klaw": "^3.0.0",
        "markdown-it": "^10.0.0",
        "markdown-it-anchor": "^5.2.7",
        "marked": "^2.0.3",
        "mkdirp": "^1.0.4",
        "requizzle": "^0.2.3",
        "strip-json-comments": "^3.1.0",
        "taffydb": "2.6.2",
        "underscore": "~1.13.1"
      },
      "dependencies": {
        "marked": {
          "version": "2.1.3",
          "resolved": "https://registry.npmjs.org/marked/-/marked-2.1.3.tgz",
          "integrity": "sha512-/Q+7MGzaETqifOMWYEA7HVMaZb4XbcRfaOzcSsHZEith83KGlvaSG33u0SKu89Mj5h+T8V2hM+8O45Qc5XTgwA==",
          "dev": true
        },
        "mkdirp": {
          "version": "1.0.4",
          "resolved": "https://registry.npmjs.org/mkdirp/-/mkdirp-1.0.4.tgz",
          "integrity": "sha512-vVqVZQyf3WLx2Shd0qJ9xuvqgAyKPLAiqITEtqW0oIUjzo3PePDd6fW9iFz30ef7Ysp/oiWqbhszeGWW2T6Gzw==",
          "dev": true
        }
      }
    },
    "jsdocs": {
      "version": "1.0.0",
      "resolved": "https://registry.npmjs.org/jsdocs/-/jsdocs-1.0.0.tgz",
      "integrity": "sha512-6GmPLgjwy1aDNohUauo/ALWuGGYZ7snhLpVj5n55nJMdULnWjlwJ0Zk0hmq0P94cU7P8mEDBGiMav9GEehXPrQ==",
      "requires": {
        "colorx": "*",
        "commander": "*",
        "marked": "*",
        "minitpl": "0.0.3",
        "mkdirp": "0.5.0",
        "xutil": "0.0.9"
      }
    },
    "klaw": {
      "version": "3.0.0",
      "resolved": "https://registry.npmjs.org/klaw/-/klaw-3.0.0.tgz",
      "integrity": "sha512-0Fo5oir+O9jnXu5EefYbVK+mHMBeEVEy2cmctR1O1NECcCkPRreJKrS6Qt/j3KC2C148Dfo9i3pCmCMsdqGr0g==",
      "dev": true,
      "requires": {
        "graceful-fs": "^4.1.9"
      }
    },
    "linkify-it": {
      "version": "2.2.0",
      "resolved": "https://registry.npmjs.org/linkify-it/-/linkify-it-2.2.0.tgz",
      "integrity": "sha512-GnAl/knGn+i1U/wjBz3akz2stz+HrHLsxMwHQGofCDfPvlf+gDKN58UtfmUquTY4/MXeE2x7k19KQmeoZi94Iw==",
      "dev": true,
      "requires": {
        "uc.micro": "^1.0.1"
      }
    },
    "lodash": {
      "version": "4.17.21",
      "resolved": "https://registry.npmjs.org/lodash/-/lodash-4.17.21.tgz",
      "integrity": "sha512-v2kDEe57lecTulaDIuNTPy3Ry4gLGJ6Z1O3vE1krgXZNrsQ+LFTGHVxVjcXPs17LhbZVGedAJv8XZ1tvj5FvSg==",
      "dev": true
    },
    "markdown-it": {
      "version": "10.0.0",
      "resolved": "https://registry.npmjs.org/markdown-it/-/markdown-it-10.0.0.tgz",
      "integrity": "sha512-YWOP1j7UbDNz+TumYP1kpwnP0aEa711cJjrAQrzd0UXlbJfc5aAq0F/PZHjiioqDC1NKgvIMX+o+9Bk7yuM2dg==",
      "dev": true,
      "requires": {
        "argparse": "^1.0.7",
        "entities": "~2.0.0",
        "linkify-it": "^2.0.0",
        "mdurl": "^1.0.1",
        "uc.micro": "^1.0.5"
      }
    },
    "markdown-it-anchor": {
      "version": "5.3.0",
      "resolved": "https://registry.npmjs.org/markdown-it-anchor/-/markdown-it-anchor-5.3.0.tgz",
      "integrity": "sha512-/V1MnLL/rgJ3jkMWo84UR+K+jF1cxNG1a+KwqeXqTIJ+jtA8aWSHuigx8lTzauiIjBDbwF3NcWQMotd0Dm39jA==",
      "dev": true
    },
    "marked": {
      "version": "4.0.0",
      "resolved": "https://registry.npmjs.org/marked/-/marked-4.0.0.tgz",
      "integrity": "sha512-K3C1JvtiXuXVLoxDQEJP4NMLBuThlTkthgUOCzqLghIpHfis1DIZZfPI3o4UgfFpQ0d+JvTql2h+szR9jQ1p1w=="
    },
    "mathjs": {
      "version": "10.0.0",
      "resolved": "https://registry.npmjs.org/mathjs/-/mathjs-10.0.0.tgz",
      "integrity": "sha512-PZcQ73mVvVG2GZXvE47q+j7P3ALVxWUM51wTmlVX3F/3IJMLNziNIqStwyIDAO64ZGB8u3iFlQwxT7DIijtNlw==",
      "requires": {
        "@babel/runtime": "^7.16.0",
        "complex.js": "^2.0.15",
        "decimal.js": "^10.3.1",
        "escape-latex": "^1.2.0",
        "fraction.js": "^4.1.1",
        "javascript-natural-sort": "^0.7.1",
        "seedrandom": "^3.0.5",
        "tiny-emitter": "^2.1.0",
        "typed-function": "^2.0.0"
      }
    },
    "mdurl": {
      "version": "1.0.1",
      "resolved": "https://registry.npmjs.org/mdurl/-/mdurl-1.0.1.tgz",
      "integrity": "sha1-/oWy7HWlkDfyrf7BAP1sYBdhFS4=",
      "dev": true
    },
    "minimist": {
      "version": "0.0.8",
      "resolved": "https://registry.npmjs.org/minimist/-/minimist-0.0.8.tgz",
      "integrity": "sha1-hX/Kv8M5fSYluCKCYuhqp6ARsF0="
    },
    "minitpl": {
      "version": "0.0.3",
      "resolved": "https://registry.npmjs.org/minitpl/-/minitpl-0.0.3.tgz",
      "integrity": "sha1-fGA8GiR0ehRMg8mo0Vw/7lY/a/E="
    },
    "mkdirp": {
      "version": "0.5.0",
      "resolved": "https://registry.npmjs.org/mkdirp/-/mkdirp-0.5.0.tgz",
      "integrity": "sha1-HXMHam35hs2TROFecfzAWkyavxI=",
      "requires": {
        "minimist": "0.0.8"
      }
    },
    "regenerator-runtime": {
      "version": "0.13.9",
      "resolved": "https://registry.npmjs.org/regenerator-runtime/-/regenerator-runtime-0.13.9.tgz",
      "integrity": "sha512-p3VT+cOEgxFsRRA9X4lkI1E+k2/CtnKtU4gcxyaCUreilL/vqI6CdZ3wxVUx3UOUg+gnUOQQcRI7BmSI656MYA=="
    },
    "requizzle": {
      "version": "0.2.3",
      "resolved": "https://registry.npmjs.org/requizzle/-/requizzle-0.2.3.tgz",
      "integrity": "sha512-YanoyJjykPxGHii0fZP0uUPEXpvqfBDxWV7s6GKAiiOsiqhX6vHNyW3Qzdmqp/iq/ExbhaGbVrjB4ruEVSM4GQ==",
      "dev": true,
      "requires": {
        "lodash": "^4.17.14"
      }
    },
    "seedrandom": {
      "version": "3.0.5",
      "resolved": "https://registry.npmjs.org/seedrandom/-/seedrandom-3.0.5.tgz",
      "integrity": "sha512-8OwmbklUNzwezjGInmZ+2clQmExQPvomqjL7LFqOYqtmuxRgQYqOD3mHaU+MvZn5FLUeVxVfQjwLZW/n/JFuqg=="
    },
    "sprintf-js": {
      "version": "1.0.3",
      "resolved": "https://registry.npmjs.org/sprintf-js/-/sprintf-js-1.0.3.tgz",
      "integrity": "sha1-BOaSb2YolTVPPdAVIDYzuFcpfiw=",
      "dev": true
    },
    "strip-json-comments": {
      "version": "3.1.1",
      "resolved": "https://registry.npmjs.org/strip-json-comments/-/strip-json-comments-3.1.1.tgz",
      "integrity": "sha512-6fPc+R4ihwqP6N/aIv2f1gMH8lOVtWQHoqC4yK6oSDVVocumAsfCqjkXnqiYMhmMwS/mEHLp7Vehlt3ql6lEig==",
      "dev": true
    },
    "taffydb": {
      "version": "2.6.2",
      "resolved": "https://registry.npmjs.org/taffydb/-/taffydb-2.6.2.tgz",
      "integrity": "sha1-fLy2S1oUG2ou/CxdLGe04VCyomg=",
      "dev": true
    },
    "tiny-emitter": {
      "version": "2.1.0",
      "resolved": "https://registry.npmjs.org/tiny-emitter/-/tiny-emitter-2.1.0.tgz",
      "integrity": "sha512-NB6Dk1A9xgQPMoGqC5CVXn123gWyte215ONT5Pp5a0yt4nlEoO1ZWeCwpncaekPHXO60i47ihFnZPiRPjRMq4Q=="
    },
    "typed-function": {
      "version": "2.0.0",
      "resolved": "https://registry.npmjs.org/typed-function/-/typed-function-2.0.0.tgz",
      "integrity": "sha512-Hhy1Iwo/e4AtLZNK10ewVVcP2UEs408DS35ubP825w/YgSBK1KVLwALvvIG4yX75QJrxjCpcWkzkVRB0BwwYlA=="
    },
    "uc.micro": {
      "version": "1.0.6",
      "resolved": "https://registry.npmjs.org/uc.micro/-/uc.micro-1.0.6.tgz",
      "integrity": "sha512-8Y75pvTYkLJW2hWQHXxoqRgV7qb9B+9vFEtidML+7koHUFapnVJAZ6cKs+Qjz5Aw3aZWHMC6u0wJE3At+nSGwA==",
      "dev": true
    },
    "underscore": {
      "version": "1.13.1",
      "resolved": "https://registry.npmjs.org/underscore/-/underscore-1.13.1.tgz",
      "integrity": "sha512-hzSoAVtJF+3ZtiFX0VgfFPHEDRm7Y/QPjGyNo4TVdnDTdft3tr8hEkD25a1jC+TjTuE7tkHGKkhwCgs9dgBB2g==",
      "dev": true
    },
    "xmlcreate": {
      "version": "2.0.4",
      "resolved": "https://registry.npmjs.org/xmlcreate/-/xmlcreate-2.0.4.tgz",
      "integrity": "sha512-nquOebG4sngPmGPICTS5EnxqhKbCmz5Ox5hsszI2T6U5qdrJizBc+0ilYSEjTSzU0yZcmvppztXe/5Al5fUwdg==",
      "dev": true
    },
    "xutil": {
      "version": "0.0.9",
      "resolved": "https://registry.npmjs.org/xutil/-/xutil-0.0.9.tgz",
      "integrity": "sha1-78/l6NxEeK1tRjwj8MTAgSQJc+w="
    }
  }
}
